<Solution>
  <Folder Name="/data_structures/" />
  <Folder Name="/data_structures/implementations/">
    <Project Path="data_structures/implementations/DSA.LinearDataStructures/DSA.LinearDataStructures.csproj" />
    <Project Path="data_structures\implementations\DSA.TreeDataStructures\DSA.TreeDataStructures.csproj" />
  </Folder>
  <Folder Name="/data_structures/tests/">
    <Project Path="data_structures/tests/DSA.LinearDataStructures.Tests/DSA.LinearDataStructures.Tests.csproj" />
    <Project Path="data_structures/tests/DSA.TreeDataStructures.Tests/DSA.TreeDataStructures.Tests.csproj" />
  </Folder>
  <Folder Name="/exercises/">
    <Project Path="exercises/DSA.Exercises/DSA.Exercises.csproj" />
    <Project Path="exercises/DSA.Exercises.Tests/DSA.Exercises.Tests.csproj" />
  </Folder>
</Solution>
